
Microsoft Visual Studio Solution File, Format Version 12.00
# Visual Studio Version 17
VisualStudioVersion = 17.12.35506.116 d17.12
MinimumVisualStudioVersion = 10.0.40219.1
Project("{FAE04EC0-301F-11D3-BF4B-00C04F79EFBC}") = "Auth.API", "Auth.API\Auth.API.csproj", "{D89958F8-64F3-4A68-BD7E-D3DB63DA54F5}"
EndProject
Global
	GlobalSection(SolutionConfigurationPlatforms) = preSolution
		Debug|Any CPU = Debug|Any CPU
		Release|Any CPU = Release|Any CPU
	EndGlobalSection
	GlobalSection(ProjectConfigurationPlatforms) = postSolution
		{D89958F8-64F3-4A68-BD7E-D3DB63DA54F5}.Debug|Any CPU.ActiveCfg = Debug|Any CPU
		{D89958F8-64F3-4A68-BD7E-D3DB63DA54F5}.Debug|Any CPU.Build.0 = Debug|Any CPU
		{D89958F8-64F3-4A68-BD7E-D3DB63DA54F5}.Release|Any CPU.ActiveCfg = Release|Any CPU
		{D89958F8-64F3-4A68-BD7E-D3DB63DA54F5}.Release|Any CPU.Build.0 = Release|Any CPU
	EndGlobalSection
	GlobalSection(SolutionProperties) = preSolution
		HideSolutionNode = FALSE
	EndGlobalSection
EndGlobal
